
Microsoft Visual Studio Solution File, Format Version 12.00
# Visual Studio Version 16
VisualStudioVersion = 16.0.30114.105
MinimumVisualStudioVersion = 10.0.40219.1
Project("{D954291E-2A0B-460D-934E-DC6B0785DB48}") = "UnoApp1.Shared", "UnoApp1\UnoApp1.Shared\UnoApp1.Shared.shproj", "{6279C845-92F8-4333-AB99-3D213163593C}"
EndProject
Project("{FAE04EC0-301F-11D3-BF4B-00C04F79EFBC}") = "UnoApp1.Droid", "UnoApp1\UnoApp1.Droid\UnoApp1.Droid.csproj", "{BA6A298C-7D4A-4751-AC88-2D597B4AD2E5}"
EndProject
Project("{FAE04EC0-301F-11D3-BF4B-00C04F79EFBC}") = "UnoApp1.iOS", "UnoApp1\UnoApp1.iOS\UnoApp1.iOS.csproj", "{270DBC4D-A692-4144-9EFC-A12FC513573A}"
EndProject
Project("{FAE04EC0-301F-11D3-BF4B-00C04F79EFBC}") = "UnoApp1.UWP", "UnoApp1\UnoApp1.UWP\UnoApp1.UWP.csproj", "{1CCCD07B-8681-46D8-8E8C-13895792619E}"
EndProject
Project("{FAE04EC0-301F-11D3-BF4B-00C04F79EFBC}") = "UnoApp1.Wasm", "UnoApp1\UnoApp1.Wasm\UnoApp1.Wasm.csproj", "{18740B29-AB63-4867-98E9-849FAC038B7C}"
EndProject
Project("{FAE04EC0-301F-11D3-BF4B-00C04F79EFBC}") = "UnoApp1.macOS", "UnoApp1\UnoApp1.macOS\UnoApp1.macOS.csproj", "{1DDDB74A-9FC4-430C-9430-AFC3DBB772DC}"
EndProject
Global
	GlobalSection(SharedMSBuildProjectFiles) = preSolution
		UnoApp1\UnoApp1.Shared\UnoApp1.Shared.projitems*{18740b29-ab63-4867-98e9-849fac038b7c}*SharedItemsImports = 5
		UnoApp1\UnoApp1.Shared\UnoApp1.Shared.projitems*{1cccd07b-8681-46d8-8e8c-13895792619e}*SharedItemsImports = 4
		UnoApp1\UnoApp1.Shared\UnoApp1.Shared.projitems*{1dddb74a-9fc4-430c-9430-afc3dbb772dc}*SharedItemsImports = 4
		UnoApp1\UnoApp1.Shared\UnoApp1.Shared.projitems*{270dbc4d-a692-4144-9efc-a12fc513573a}*SharedItemsImports = 4
		UnoApp1\UnoApp1.Shared\UnoApp1.Shared.projitems*{6279c845-92f8-4333-ab99-3d213163593c}*SharedItemsImports = 13
		UnoApp1\UnoApp1.Shared\UnoApp1.Shared.projitems*{ba6a298c-7d4a-4751-ac88-2d597b4ad2e5}*SharedItemsImports = 4
	EndGlobalSection
	GlobalSection(SolutionConfigurationPlatforms) = preSolution
		Ad-Hoc|Any CPU = Ad-Hoc|Any CPU
		Ad-Hoc|ARM = Ad-Hoc|ARM
		Ad-Hoc|ARM64 = Ad-Hoc|ARM64
		Ad-Hoc|iPhone = Ad-Hoc|iPhone
		Ad-Hoc|iPhoneSimulator = Ad-Hoc|iPhoneSimulator
		Ad-Hoc|x64 = Ad-Hoc|x64
		Ad-Hoc|x86 = Ad-Hoc|x86
		AppStore|Any CPU = AppStore|Any CPU
		AppStore|ARM = AppStore|ARM
		AppStore|ARM64 = AppStore|ARM64
		AppStore|iPhone = AppStore|iPhone
		AppStore|iPhoneSimulator = AppStore|iPhoneSimulator
		AppStore|x64 = AppStore|x64
		AppStore|x86 = AppStore|x86
		Debug|Any CPU = Debug|Any CPU
		Debug|ARM = Debug|ARM
		Debug|ARM64 = Debug|ARM64
		Debug|iPhone = Debug|iPhone
		Debug|iPhoneSimulator = Debug|iPhoneSimulator
		Debug|x64 = Debug|x64
		Debug|x86 = Debug|x86
		Release|Any CPU = Release|Any CPU
		Release|ARM = Release|ARM
		Release|ARM64 = Release|ARM64
		Release|iPhone = Release|iPhone
		Release|iPhoneSimulator = Release|iPhoneSimulator
		Release|x64 = Release|x64
		Release|x86 = Release|x86
	EndGlobalSection
	GlobalSection(ProjectConfigurationPlatforms) = postSolution
		{BA6A298C-7D4A-4751-AC88-2D597B4AD2E5}.Ad-Hoc|Any CPU.ActiveCfg = Release|Any CPU
		{BA6A298C-7D4A-4751-AC88-2D597B4AD2E5}.Ad-Hoc|Any CPU.Build.0 = Release|Any CPU
		{BA6A298C-7D4A-4751-AC88-2D597B4AD2E5}.Ad-Hoc|Any CPU.Deploy.0 = Release|Any CPU
		{BA6A298C-7D4A-4751-AC88-2D597B4AD2E5}.Ad-Hoc|ARM.ActiveCfg = Release|Any CPU
		{BA6A298C-7D4A-4751-AC88-2D597B4AD2E5}.Ad-Hoc|ARM.Build.0 = Release|Any CPU
		{BA6A298C-7D4A-4751-AC88-2D597B4AD2E5}.Ad-Hoc|ARM.Deploy.0 = Release|Any CPU
		{BA6A298C-7D4A-4751-AC88-2D597B4AD2E5}.Ad-Hoc|ARM64.ActiveCfg = Release|Any CPU
		{BA6A298C-7D4A-4751-AC88-2D597B4AD2E5}.Ad-Hoc|ARM64.Build.0 = Release|Any CPU
		{BA6A298C-7D4A-4751-AC88-2D597B4AD2E5}.Ad-Hoc|ARM64.Deploy.0 = Release|Any CPU
		{BA6A298C-7D4A-4751-AC88-2D597B4AD2E5}.Ad-Hoc|iPhone.ActiveCfg = Release|Any CPU
		{BA6A298C-7D4A-4751-AC88-2D597B4AD2E5}.Ad-Hoc|iPhone.Build.0 = Release|Any CPU
		{BA6A298C-7D4A-4751-AC88-2D597B4AD2E5}.Ad-Hoc|iPhone.Deploy.0 = Release|Any CPU
		{BA6A298C-7D4A-4751-AC88-2D597B4AD2E5}.Ad-Hoc|iPhoneSimulator.ActiveCfg = Release|Any CPU
		{BA6A298C-7D4A-4751-AC88-2D597B4AD2E5}.Ad-Hoc|iPhoneSimulator.Build.0 = Release|Any CPU
		{BA6A298C-7D4A-4751-AC88-2D597B4AD2E5}.Ad-Hoc|iPhoneSimulator.Deploy.0 = Release|Any CPU
		{BA6A298C-7D4A-4751-AC88-2D597B4AD2E5}.Ad-Hoc|x64.ActiveCfg = Release|Any CPU
		{BA6A298C-7D4A-4751-AC88-2D597B4AD2E5}.Ad-Hoc|x64.Build.0 = Release|Any CPU
		{BA6A298C-7D4A-4751-AC88-2D597B4AD2E5}.Ad-Hoc|x64.Deploy.0 = Release|Any CPU
		{BA6A298C-7D4A-4751-AC88-2D597B4AD2E5}.Ad-Hoc|x86.ActiveCfg = Release|Any CPU
		{BA6A298C-7D4A-4751-AC88-2D597B4AD2E5}.Ad-Hoc|x86.Build.0 = Release|Any CPU
		{BA6A298C-7D4A-4751-AC88-2D597B4AD2E5}.Ad-Hoc|x86.Deploy.0 = Release|Any CPU
		{BA6A298C-7D4A-4751-AC88-2D597B4AD2E5}.AppStore|Any CPU.ActiveCfg = Release|Any CPU
		{BA6A298C-7D4A-4751-AC88-2D597B4AD2E5}.AppStore|Any CPU.Build.0 = Release|Any CPU
		{BA6A298C-7D4A-4751-AC88-2D597B4AD2E5}.AppStore|Any CPU.Deploy.0 = Release|Any CPU
		{BA6A298C-7D4A-4751-AC88-2D597B4AD2E5}.AppStore|ARM.ActiveCfg = Release|Any CPU
		{BA6A298C-7D4A-4751-AC88-2D597B4AD2E5}.AppStore|ARM.Build.0 = Release|Any CPU
		{BA6A298C-7D4A-4751-AC88-2D597B4AD2E5}.AppStore|ARM.Deploy.0 = Release|Any CPU
		{BA6A298C-7D4A-4751-AC88-2D597B4AD2E5}.AppStore|ARM64.ActiveCfg = Release|Any CPU
		{BA6A298C-7D4A-4751-AC88-2D597B4AD2E5}.AppStore|ARM64.Build.0 = Release|Any CPU
		{BA6A298C-7D4A-4751-AC88-2D597B4AD2E5}.AppStore|ARM64.Deploy.0 = Release|Any CPU
		{BA6A298C-7D4A-4751-AC88-2D597B4AD2E5}.AppStore|iPhone.ActiveCfg = Release|Any CPU
		{BA6A298C-7D4A-4751-AC88-2D597B4AD2E5}.AppStore|iPhone.Build.0 = Release|Any CPU
		{BA6A298C-7D4A-4751-AC88-2D597B4AD2E5}.AppStore|iPhone.Deploy.0 = Release|Any CPU
		{BA6A298C-7D4A-4751-AC88-2D597B4AD2E5}.AppStore|iPhoneSimulator.ActiveCfg = Release|Any CPU
		{BA6A298C-7D4A-4751-AC88-2D597B4AD2E5}.AppStore|iPhoneSimulator.Build.0 = Release|Any CPU
		{BA6A298C-7D4A-4751-AC88-2D597B4AD2E5}.AppStore|iPhoneSimulator.Deploy.0 = Release|Any CPU
		{BA6A298C-7D4A-4751-AC88-2D597B4AD2E5}.AppStore|x64.ActiveCfg = Release|Any CPU
		{BA6A298C-7D4A-4751-AC88-2D597B4AD2E5}.AppStore|x64.Build.0 = Release|Any CPU
		{BA6A298C-7D4A-4751-AC88-2D597B4AD2E5}.AppStore|x64.Deploy.0 = Release|Any CPU
		{BA6A298C-7D4A-4751-AC88-2D597B4AD2E5}.AppStore|x86.ActiveCfg = Release|Any CPU
		{BA6A298C-7D4A-4751-AC88-2D597B4AD2E5}.AppStore|x86.Build.0 = Release|Any CPU
		{BA6A298C-7D4A-4751-AC88-2D597B4AD2E5}.AppStore|x86.Deploy.0 = Release|Any CPU
		{BA6A298C-7D4A-4751-AC88-2D597B4AD2E5}.Debug|Any CPU.ActiveCfg = Debug|Any CPU
		{BA6A298C-7D4A-4751-AC88-2D597B4AD2E5}.Debug|Any CPU.Build.0 = Debug|Any CPU
		{BA6A298C-7D4A-4751-AC88-2D597B4AD2E5}.Debug|Any CPU.Deploy.0 = Debug|Any CPU
		{BA6A298C-7D4A-4751-AC88-2D597B4AD2E5}.Debug|ARM.ActiveCfg = Debug|Any CPU
		{BA6A298C-7D4A-4751-AC88-2D597B4AD2E5}.Debug|ARM.Build.0 = Debug|Any CPU
		{BA6A298C-7D4A-4751-AC88-2D597B4AD2E5}.Debug|ARM.Deploy.0 = Debug|Any CPU
		{BA6A298C-7D4A-4751-AC88-2D597B4AD2E5}.Debug|ARM64.ActiveCfg = Debug|Any CPU
		{BA6A298C-7D4A-4751-AC88-2D597B4AD2E5}.Debug|ARM64.Build.0 = Debug|Any CPU
		{BA6A298C-7D4A-4751-AC88-2D597B4AD2E5}.Debug|ARM64.Deploy.0 = Debug|Any CPU
		{BA6A298C-7D4A-4751-AC88-2D597B4AD2E5}.Debug|iPhone.ActiveCfg = Debug|Any CPU
		{BA6A298C-7D4A-4751-AC88-2D597B4AD2E5}.Debug|iPhone.Build.0 = Debug|Any CPU
		{BA6A298C-7D4A-4751-AC88-2D597B4AD2E5}.Debug|iPhone.Deploy.0 = Debug|Any CPU
		{BA6A298C-7D4A-4751-AC88-2D597B4AD2E5}.Debug|iPhoneSimulator.ActiveCfg = Debug|Any CPU
		{BA6A298C-7D4A-4751-AC88-2D597B4AD2E5}.Debug|iPhoneSimulator.Build.0 = Debug|Any CPU
		{BA6A298C-7D4A-4751-AC88-2D597B4AD2E5}.Debug|iPhoneSimulator.Deploy.0 = Debug|Any CPU
		{BA6A298C-7D4A-4751-AC88-2D597B4AD2E5}.Debug|x64.ActiveCfg = Debug|Any CPU
		{BA6A298C-7D4A-4751-AC88-2D597B4AD2E5}.Debug|x64.Build.0 = Debug|Any CPU
		{BA6A298C-7D4A-4751-AC88-2D597B4AD2E5}.Debug|x64.Deploy.0 = Debug|Any CPU
		{BA6A298C-7D4A-4751-AC88-2D597B4AD2E5}.Debug|x86.ActiveCfg = Debug|Any CPU
		{BA6A298C-7D4A-4751-AC88-2D597B4AD2E5}.Debug|x86.Build.0 = Debug|Any CPU
		{BA6A298C-7D4A-4751-AC88-2D597B4AD2E5}.Debug|x86.Deploy.0 = Debug|Any CPU
		{BA6A298C-7D4A-4751-AC88-2D597B4AD2E5}.Release|Any CPU.ActiveCfg = Release|Any CPU
		{BA6A298C-7D4A-4751-AC88-2D597B4AD2E5}.Release|Any CPU.Build.0 = Release|Any CPU
		{BA6A298C-7D4A-4751-AC88-2D597B4AD2E5}.Release|Any CPU.Deploy.0 = Release|Any CPU
		{BA6A298C-7D4A-4751-AC88-2D597B4AD2E5}.Release|ARM.ActiveCfg = Release|Any CPU
		{BA6A298C-7D4A-4751-AC88-2D597B4AD2E5}.Release|ARM.Build.0 = Release|Any CPU
		{BA6A298C-7D4A-4751-AC88-2D597B4AD2E5}.Release|ARM.Deploy.0 = Release|Any CPU
		{BA6A298C-7D4A-4751-AC88-2D597B4AD2E5}.Release|ARM64.ActiveCfg = Release|Any CPU
		{BA6A298C-7D4A-4751-AC88-2D597B4AD2E5}.Release|ARM64.Build.0 = Release|Any CPU
		{BA6A298C-7D4A-4751-AC88-2D597B4AD2E5}.Release|ARM64.Deploy.0 = Release|Any CPU
		{BA6A298C-7D4A-4751-AC88-2D597B4AD2E5}.Release|iPhone.ActiveCfg = Release|Any CPU
		{BA6A298C-7D4A-4751-AC88-2D597B4AD2E5}.Release|iPhone.Build.0 = Release|Any CPU
		{BA6A298C-7D4A-4751-AC88-2D597B4AD2E5}.Release|iPhone.Deploy.0 = Release|Any CPU
		{BA6A298C-7D4A-4751-AC88-2D597B4AD2E5}.Release|iPhoneSimulator.ActiveCfg = Release|Any CPU
		{BA6A298C-7D4A-4751-AC88-2D597B4AD2E5}.Release|iPhoneSimulator.Build.0 = Release|Any CPU
		{BA6A298C-7D4A-4751-AC88-2D597B4AD2E5}.Release|iPhoneSimulator.Deploy.0 = Release|Any CPU
		{BA6A298C-7D4A-4751-AC88-2D597B4AD2E5}.Release|x64.ActiveCfg = Release|Any CPU
		{BA6A298C-7D4A-4751-AC88-2D597B4AD2E5}.Release|x64.Build.0 = Release|Any CPU
		{BA6A298C-7D4A-4751-AC88-2D597B4AD2E5}.Release|x64.Deploy.0 = Release|Any CPU
		{BA6A298C-7D4A-4751-AC88-2D597B4AD2E5}.Release|x86.ActiveCfg = Release|Any CPU
		{BA6A298C-7D4A-4751-AC88-2D597B4AD2E5}.Release|x86.Build.0 = Release|Any CPU
		{BA6A298C-7D4A-4751-AC88-2D597B4AD2E5}.Release|x86.Deploy.0 = Release|Any CPU
		{270DBC4D-A692-4144-9EFC-A12FC513573A}.Ad-Hoc|Any CPU.ActiveCfg = Ad-Hoc|iPhone
		{270DBC4D-A692-4144-9EFC-A12FC513573A}.Ad-Hoc|ARM.ActiveCfg = Ad-Hoc|iPhone
		{270DBC4D-A692-4144-9EFC-A12FC513573A}.Ad-Hoc|ARM64.ActiveCfg = Ad-Hoc|iPhone
		{270DBC4D-A692-4144-9EFC-A12FC513573A}.Ad-Hoc|iPhone.ActiveCfg = Ad-Hoc|iPhone
		{270DBC4D-A692-4144-9EFC-A12FC513573A}.Ad-Hoc|iPhone.Build.0 = Ad-Hoc|iPhone
		{270DBC4D-A692-4144-9EFC-A12FC513573A}.Ad-Hoc|iPhoneSimulator.ActiveCfg = Ad-Hoc|iPhoneSimulator
		{270DBC4D-A692-4144-9EFC-A12FC513573A}.Ad-Hoc|iPhoneSimulator.Build.0 = Ad-Hoc|iPhoneSimulator
		{270DBC4D-A692-4144-9EFC-A12FC513573A}.Ad-Hoc|x64.ActiveCfg = Ad-Hoc|iPhone
		{270DBC4D-A692-4144-9EFC-A12FC513573A}.Ad-Hoc|x86.ActiveCfg = Ad-Hoc|iPhone
		{270DBC4D-A692-4144-9EFC-A12FC513573A}.AppStore|Any CPU.ActiveCfg = AppStore|iPhone
		{270DBC4D-A692-4144-9EFC-A12FC513573A}.AppStore|ARM.ActiveCfg = AppStore|iPhone
		{270DBC4D-A692-4144-9EFC-A12FC513573A}.AppStore|ARM64.ActiveCfg = AppStore|iPhone
		{270DBC4D-A692-4144-9EFC-A12FC513573A}.AppStore|iPhone.ActiveCfg = AppStore|iPhone
		{270DBC4D-A692-4144-9EFC-A12FC513573A}.AppStore|iPhone.Build.0 = AppStore|iPhone
		{270DBC4D-A692-4144-9EFC-A12FC513573A}.AppStore|iPhoneSimulator.ActiveCfg = AppStore|iPhoneSimulator
		{270DBC4D-A692-4144-9EFC-A12FC513573A}.AppStore|iPhoneSimulator.Build.0 = AppStore|iPhoneSimulator
		{270DBC4D-A692-4144-9EFC-A12FC513573A}.AppStore|x64.ActiveCfg = AppStore|iPhone
		{270DBC4D-A692-4144-9EFC-A12FC513573A}.AppStore|x86.ActiveCfg = AppStore|iPhone
		{270DBC4D-A692-4144-9EFC-A12FC513573A}.Debug|Any CPU.ActiveCfg = Debug|iPhone
		{270DBC4D-A692-4144-9EFC-A12FC513573A}.Debug|ARM.ActiveCfg = Debug|iPhone
		{270DBC4D-A692-4144-9EFC-A12FC513573A}.Debug|ARM64.ActiveCfg = Debug|iPhone
		{270DBC4D-A692-4144-9EFC-A12FC513573A}.Debug|iPhone.ActiveCfg = Debug|iPhone
		{270DBC4D-A692-4144-9EFC-A12FC513573A}.Debug|iPhone.Build.0 = Debug|iPhone
		{270DBC4D-A692-4144-9EFC-A12FC513573A}.Debug|iPhoneSimulator.ActiveCfg = Debug|iPhoneSimulator
		{270DBC4D-A692-4144-9EFC-A12FC513573A}.Debug|iPhoneSimulator.Build.0 = Debug|iPhoneSimulator
		{270DBC4D-A692-4144-9EFC-A12FC513573A}.Debug|x64.ActiveCfg = Debug|iPhone
		{270DBC4D-A692-4144-9EFC-A12FC513573A}.Debug|x86.ActiveCfg = Debug|iPhone
		{270DBC4D-A692-4144-9EFC-A12FC513573A}.Release|Any CPU.ActiveCfg = Release|iPhone
		{270DBC4D-A692-4144-9EFC-A12FC513573A}.Release|ARM.ActiveCfg = Release|iPhone
		{270DBC4D-A692-4144-9EFC-A12FC513573A}.Release|ARM64.ActiveCfg = Release|iPhone
		{270DBC4D-A692-4144-9EFC-A12FC513573A}.Release|iPhone.ActiveCfg = Release|iPhone
		{270DBC4D-A692-4144-9EFC-A12FC513573A}.Release|iPhone.Build.0 = Release|iPhone
		{270DBC4D-A692-4144-9EFC-A12FC513573A}.Release|iPhoneSimulator.ActiveCfg = Release|iPhoneSimulator
		{270DBC4D-A692-4144-9EFC-A12FC513573A}.Release|iPhoneSimulator.Build.0 = Release|iPhoneSimulator
		{270DBC4D-A692-4144-9EFC-A12FC513573A}.Release|x64.ActiveCfg = Release|iPhone
		{270DBC4D-A692-4144-9EFC-A12FC513573A}.Release|x86.ActiveCfg = Release|iPhone
		{1CCCD07B-8681-46D8-8E8C-13895792619E}.Ad-Hoc|Any CPU.ActiveCfg = Release|x64
		{1CCCD07B-8681-46D8-8E8C-13895792619E}.Ad-Hoc|Any CPU.Build.0 = Release|x64
		{1CCCD07B-8681-46D8-8E8C-13895792619E}.Ad-Hoc|Any CPU.Deploy.0 = Release|x64
		{1CCCD07B-8681-46D8-8E8C-13895792619E}.Ad-Hoc|ARM.ActiveCfg = Release|ARM
		{1CCCD07B-8681-46D8-8E8C-13895792619E}.Ad-Hoc|ARM.Build.0 = Release|ARM
		{1CCCD07B-8681-46D8-8E8C-13895792619E}.Ad-Hoc|ARM.Deploy.0 = Release|ARM
		{1CCCD07B-8681-46D8-8E8C-13895792619E}.Ad-Hoc|ARM64.ActiveCfg = Release|ARM64
		{1CCCD07B-8681-46D8-8E8C-13895792619E}.Ad-Hoc|ARM64.Build.0 = Release|ARM64
		{1CCCD07B-8681-46D8-8E8C-13895792619E}.Ad-Hoc|ARM64.Deploy.0 = Release|ARM64
		{1CCCD07B-8681-46D8-8E8C-13895792619E}.Ad-Hoc|iPhone.ActiveCfg = Release|x64
		{1CCCD07B-8681-46D8-8E8C-13895792619E}.Ad-Hoc|iPhone.Build.0 = Release|x64
		{1CCCD07B-8681-46D8-8E8C-13895792619E}.Ad-Hoc|iPhone.Deploy.0 = Release|x64
		{1CCCD07B-8681-46D8-8E8C-13895792619E}.Ad-Hoc|iPhoneSimulator.ActiveCfg = Release|x64
		{1CCCD07B-8681-46D8-8E8C-13895792619E}.Ad-Hoc|iPhoneSimulator.Build.0 = Release|x64
		{1CCCD07B-8681-46D8-8E8C-13895792619E}.Ad-Hoc|iPhoneSimulator.Deploy.0 = Release|x64
		{1CCCD07B-8681-46D8-8E8C-13895792619E}.Ad-Hoc|x64.ActiveCfg = Release|x64
		{1CCCD07B-8681-46D8-8E8C-13895792619E}.Ad-Hoc|x64.Build.0 = Release|x64
		{1CCCD07B-8681-46D8-8E8C-13895792619E}.Ad-Hoc|x64.Deploy.0 = Release|x64
		{1CCCD07B-8681-46D8-8E8C-13895792619E}.Ad-Hoc|x86.ActiveCfg = Release|x86
		{1CCCD07B-8681-46D8-8E8C-13895792619E}.Ad-Hoc|x86.Build.0 = Release|x86
		{1CCCD07B-8681-46D8-8E8C-13895792619E}.Ad-Hoc|x86.Deploy.0 = Release|x86
		{1CCCD07B-8681-46D8-8E8C-13895792619E}.AppStore|Any CPU.ActiveCfg = Release|x64
		{1CCCD07B-8681-46D8-8E8C-13895792619E}.AppStore|Any CPU.Build.0 = Release|x64
		{1CCCD07B-8681-46D8-8E8C-13895792619E}.AppStore|Any CPU.Deploy.0 = Release|x64
		{1CCCD07B-8681-46D8-8E8C-13895792619E}.AppStore|ARM.ActiveCfg = Release|ARM
		{1CCCD07B-8681-46D8-8E8C-13895792619E}.AppStore|ARM.Build.0 = Release|ARM
		{1CCCD07B-8681-46D8-8E8C-13895792619E}.AppStore|ARM.Deploy.0 = Release|ARM
		{1CCCD07B-8681-46D8-8E8C-13895792619E}.AppStore|ARM64.ActiveCfg = Release|ARM64
		{1CCCD07B-8681-46D8-8E8C-13895792619E}.AppStore|ARM64.Build.0 = Release|ARM64
		{1CCCD07B-8681-46D8-8E8C-13895792619E}.AppStore|ARM64.Deploy.0 = Release|ARM64
		{1CCCD07B-8681-46D8-8E8C-13895792619E}.AppStore|iPhone.ActiveCfg = Release|x64
		{1CCCD07B-8681-46D8-8E8C-13895792619E}.AppStore|iPhone.Build.0 = Release|x64
		{1CCCD07B-8681-46D8-8E8C-13895792619E}.AppStore|iPhone.Deploy.0 = Release|x64
		{1CCCD07B-8681-46D8-8E8C-13895792619E}.AppStore|iPhoneSimulator.ActiveCfg = Release|x64
		{1CCCD07B-8681-46D8-8E8C-13895792619E}.AppStore|iPhoneSimulator.Build.0 = Release|x64
		{1CCCD07B-8681-46D8-8E8C-13895792619E}.AppStore|iPhoneSimulator.Deploy.0 = Release|x64
		{1CCCD07B-8681-46D8-8E8C-13895792619E}.AppStore|x64.ActiveCfg = Release|x64
		{1CCCD07B-8681-46D8-8E8C-13895792619E}.AppStore|x64.Build.0 = Release|x64
		{1CCCD07B-8681-46D8-8E8C-13895792619E}.AppStore|x64.Deploy.0 = Release|x64
		{1CCCD07B-8681-46D8-8E8C-13895792619E}.AppStore|x86.ActiveCfg = Release|x86
		{1CCCD07B-8681-46D8-8E8C-13895792619E}.AppStore|x86.Build.0 = Release|x86
		{1CCCD07B-8681-46D8-8E8C-13895792619E}.AppStore|x86.Deploy.0 = Release|x86
		{1CCCD07B-8681-46D8-8E8C-13895792619E}.Debug|Any CPU.ActiveCfg = Debug|x86
		{1CCCD07B-8681-46D8-8E8C-13895792619E}.Debug|ARM.ActiveCfg = Debug|ARM
		{1CCCD07B-8681-46D8-8E8C-13895792619E}.Debug|ARM.Build.0 = Debug|ARM
		{1CCCD07B-8681-46D8-8E8C-13895792619E}.Debug|ARM.Deploy.0 = Debug|ARM
		{1CCCD07B-8681-46D8-8E8C-13895792619E}.Debug|ARM64.ActiveCfg = Debug|ARM64
		{1CCCD07B-8681-46D8-8E8C-13895792619E}.Debug|ARM64.Build.0 = Debug|ARM64
		{1CCCD07B-8681-46D8-8E8C-13895792619E}.Debug|ARM64.Deploy.0 = Debug|ARM64
		{1CCCD07B-8681-46D8-8E8C-13895792619E}.Debug|iPhone.ActiveCfg = Debug|x86
		{1CCCD07B-8681-46D8-8E8C-13895792619E}.Debug|iPhoneSimulator.ActiveCfg = Debug|x86
		{1CCCD07B-8681-46D8-8E8C-13895792619E}.Debug|x64.ActiveCfg = Debug|x64
		{1CCCD07B-8681-46D8-8E8C-13895792619E}.Debug|x64.Build.0 = Debug|x64
		{1CCCD07B-8681-46D8-8E8C-13895792619E}.Debug|x64.Deploy.0 = Debug|x64
		{1CCCD07B-8681-46D8-8E8C-13895792619E}.Debug|x86.ActiveCfg = Debug|x86
		{1CCCD07B-8681-46D8-8E8C-13895792619E}.Debug|x86.Build.0 = Debug|x86
		{1CCCD07B-8681-46D8-8E8C-13895792619E}.Debug|x86.Deploy.0 = Debug|x86
		{1CCCD07B-8681-46D8-8E8C-13895792619E}.Release|Any CPU.ActiveCfg = Release|x86
		{1CCCD07B-8681-46D8-8E8C-13895792619E}.Release|ARM.ActiveCfg = Release|ARM
		{1CCCD07B-8681-46D8-8E8C-13895792619E}.Release|ARM.Build.0 = Release|ARM
		{1CCCD07B-8681-46D8-8E8C-13895792619E}.Release|ARM.Deploy.0 = Release|ARM
		{1CCCD07B-8681-46D8-8E8C-13895792619E}.Release|ARM64.ActiveCfg = Release|ARM64
		{1CCCD07B-8681-46D8-8E8C-13895792619E}.Release|ARM64.Build.0 = Release|ARM64
		{1CCCD07B-8681-46D8-8E8C-13895792619E}.Release|ARM64.Deploy.0 = Release|ARM64
		{1CCCD07B-8681-46D8-8E8C-13895792619E}.Release|iPhone.ActiveCfg = Release|x86
		{1CCCD07B-8681-46D8-8E8C-13895792619E}.Release|iPhoneSimulator.ActiveCfg = Release|x86
		{1CCCD07B-8681-46D8-8E8C-13895792619E}.Release|x64.ActiveCfg = Release|x64
		{1CCCD07B-8681-46D8-8E8C-13895792619E}.Release|x64.Build.0 = Release|x64
		{1CCCD07B-8681-46D8-8E8C-13895792619E}.Release|x64.Deploy.0 = Release|x64
		{1CCCD07B-8681-46D8-8E8C-13895792619E}.Release|x86.ActiveCfg = Release|x86
		{1CCCD07B-8681-46D8-8E8C-13895792619E}.Release|x86.Build.0 = Release|x86
		{1CCCD07B-8681-46D8-8E8C-13895792619E}.Release|x86.Deploy.0 = Release|x86
		{18740B29-AB63-4867-98E9-849FAC038B7C}.Ad-Hoc|Any CPU.ActiveCfg = Debug|Any CPU
		{18740B29-AB63-4867-98E9-849FAC038B7C}.Ad-Hoc|Any CPU.Build.0 = Debug|Any CPU
		{18740B29-AB63-4867-98E9-849FAC038B7C}.Ad-Hoc|ARM.ActiveCfg = Debug|Any CPU
		{18740B29-AB63-4867-98E9-849FAC038B7C}.Ad-Hoc|ARM.Build.0 = Debug|Any CPU
		{18740B29-AB63-4867-98E9-849FAC038B7C}.Ad-Hoc|ARM64.ActiveCfg = Debug|Any CPU
		{18740B29-AB63-4867-98E9-849FAC038B7C}.Ad-Hoc|ARM64.Build.0 = Debug|Any CPU
		{18740B29-AB63-4867-98E9-849FAC038B7C}.Ad-Hoc|iPhone.ActiveCfg = Debug|Any CPU
		{18740B29-AB63-4867-98E9-849FAC038B7C}.Ad-Hoc|iPhone.Build.0 = Debug|Any CPU
		{18740B29-AB63-4867-98E9-849FAC038B7C}.Ad-Hoc|iPhoneSimulator.ActiveCfg = Debug|Any CPU
		{18740B29-AB63-4867-98E9-849FAC038B7C}.Ad-Hoc|iPhoneSimulator.Build.0 = Debug|Any CPU
		{18740B29-AB63-4867-98E9-849FAC038B7C}.Ad-Hoc|x64.ActiveCfg = Debug|Any CPU
		{18740B29-AB63-4867-98E9-849FAC038B7C}.Ad-Hoc|x64.Build.0 = Debug|Any CPU
		{18740B29-AB63-4867-98E9-849FAC038B7C}.Ad-Hoc|x86.ActiveCfg = Debug|Any CPU
		{18740B29-AB63-4867-98E9-849FAC038B7C}.Ad-Hoc|x86.Build.0 = Debug|Any CPU
		{18740B29-AB63-4867-98E9-849FAC038B7C}.AppStore|Any CPU.ActiveCfg = Debug|Any CPU
		{18740B29-AB63-4867-98E9-849FAC038B7C}.AppStore|Any CPU.Build.0 = Debug|Any CPU
		{18740B29-AB63-4867-98E9-849FAC038B7C}.AppStore|ARM.ActiveCfg = Debug|Any CPU
		{18740B29-AB63-4867-98E9-849FAC038B7C}.AppStore|ARM.Build.0 = Debug|Any CPU
		{18740B29-AB63-4867-98E9-849FAC038B7C}.AppStore|ARM64.ActiveCfg = Debug|Any CPU
		{18740B29-AB63-4867-98E9-849FAC038B7C}.AppStore|ARM64.Build.0 = Debug|Any CPU
		{18740B29-AB63-4867-98E9-849FAC038B7C}.AppStore|iPhone.ActiveCfg = Debug|Any CPU
		{18740B29-AB63-4867-98E9-849FAC038B7C}.AppStore|iPhone.Build.0 = Debug|Any CPU
		{18740B29-AB63-4867-98E9-849FAC038B7C}.AppStore|iPhoneSimulator.ActiveCfg = Debug|Any CPU
		{18740B29-AB63-4867-98E9-849FAC038B7C}.AppStore|iPhoneSimulator.Build.0 = Debug|Any CPU
		{18740B29-AB63-4867-98E9-849FAC038B7C}.AppStore|x64.ActiveCfg = Debug|Any CPU
		{18740B29-AB63-4867-98E9-849FAC038B7C}.AppStore|x64.Build.0 = Debug|Any CPU
		{18740B29-AB63-4867-98E9-849FAC038B7C}.AppStore|x86.ActiveCfg = Debug|Any CPU
		{18740B29-AB63-4867-98E9-849FAC038B7C}.AppStore|x86.Build.0 = Debug|Any CPU
		{18740B29-AB63-4867-98E9-849FAC038B7C}.Debug|Any CPU.ActiveCfg = Debug|Any CPU
		{18740B29-AB63-4867-98E9-849FAC038B7C}.Debug|Any CPU.Build.0 = Debug|Any CPU
		{18740B29-AB63-4867-98E9-849FAC038B7C}.Debug|ARM.ActiveCfg = Debug|Any CPU
		{18740B29-AB63-4867-98E9-849FAC038B7C}.Debug|ARM.Build.0 = Debug|Any CPU
		{18740B29-AB63-4867-98E9-849FAC038B7C}.Debug|ARM64.ActiveCfg = Debug|Any CPU
		{18740B29-AB63-4867-98E9-849FAC038B7C}.Debug|ARM64.Build.0 = Debug|Any CPU
		{18740B29-AB63-4867-98E9-849FAC038B7C}.Debug|iPhone.ActiveCfg = Debug|Any CPU
		{18740B29-AB63-4867-98E9-849FAC038B7C}.Debug|iPhone.Build.0 = Debug|Any CPU
		{18740B29-AB63-4867-98E9-849FAC038B7C}.Debug|iPhoneSimulator.ActiveCfg = Debug|Any CPU
		{18740B29-AB63-4867-98E9-849FAC038B7C}.Debug|iPhoneSimulator.Build.0 = Debug|Any CPU
		{18740B29-AB63-4867-98E9-849FAC038B7C}.Debug|x64.ActiveCfg = Debug|Any CPU
		{18740B29-AB63-4867-98E9-849FAC038B7C}.Debug|x64.Build.0 = Debug|Any CPU
		{18740B29-AB63-4867-98E9-849FAC038B7C}.Debug|x86.ActiveCfg = Debug|Any CPU
		{18740B29-AB63-4867-98E9-849FAC038B7C}.Debug|x86.Build.0 = Debug|Any CPU
		{18740B29-AB63-4867-98E9-849FAC038B7C}.Release|Any CPU.ActiveCfg = Release|Any CPU
		{18740B29-AB63-4867-98E9-849FAC038B7C}.Release|Any CPU.Build.0 = Release|Any CPU
		{18740B29-AB63-4867-98E9-849FAC038B7C}.Release|ARM.ActiveCfg = Release|Any CPU
		{18740B29-AB63-4867-98E9-849FAC038B7C}.Release|ARM.Build.0 = Release|Any CPU
		{18740B29-AB63-4867-98E9-849FAC038B7C}.Release|ARM64.ActiveCfg = Release|Any CPU
		{18740B29-AB63-4867-98E9-849FAC038B7C}.Release|ARM64.Build.0 = Release|Any CPU
		{18740B29-AB63-4867-98E9-849FAC038B7C}.Release|iPhone.ActiveCfg = Release|Any CPU
		{18740B29-AB63-4867-98E9-849FAC038B7C}.Release|iPhone.Build.0 = Release|Any CPU
		{18740B29-AB63-4867-98E9-849FAC038B7C}.Release|iPhoneSimulator.ActiveCfg = Release|Any CPU
		{18740B29-AB63-4867-98E9-849FAC038B7C}.Release|iPhoneSimulator.Build.0 = Release|Any CPU
		{18740B29-AB63-4867-98E9-849FAC038B7C}.Release|x64.ActiveCfg = Release|Any CPU
		{18740B29-AB63-4867-98E9-849FAC038B7C}.Release|x64.Build.0 = Release|Any CPU
		{18740B29-AB63-4867-98E9-849FAC038B7C}.Release|x86.ActiveCfg = Release|Any CPU
		{18740B29-AB63-4867-98E9-849FAC038B7C}.Release|x86.Build.0 = Release|Any CPU
		{1DDDB74A-9FC4-430C-9430-AFC3DBB772DC}.Ad-Hoc|Any CPU.ActiveCfg = Release|iPhoneSimulator
		{1DDDB74A-9FC4-430C-9430-AFC3DBB772DC}.Ad-Hoc|Any CPU.Build.0 = Release|iPhoneSimulator
		{1DDDB74A-9FC4-430C-9430-AFC3DBB772DC}.Ad-Hoc|ARM.ActiveCfg = Release|iPhoneSimulator
		{1DDDB74A-9FC4-430C-9430-AFC3DBB772DC}.Ad-Hoc|ARM.Build.0 = Release|iPhoneSimulator
		{1DDDB74A-9FC4-430C-9430-AFC3DBB772DC}.Ad-Hoc|ARM64.ActiveCfg = Release|iPhoneSimulator
		{1DDDB74A-9FC4-430C-9430-AFC3DBB772DC}.Ad-Hoc|ARM64.Build.0 = Release|iPhoneSimulator
		{1DDDB74A-9FC4-430C-9430-AFC3DBB772DC}.Ad-Hoc|iPhone.ActiveCfg = Release|iPhoneSimulator
		{1DDDB74A-9FC4-430C-9430-AFC3DBB772DC}.Ad-Hoc|iPhone.Build.0 = Release|iPhoneSimulator
		{1DDDB74A-9FC4-430C-9430-AFC3DBB772DC}.Ad-Hoc|iPhoneSimulator.ActiveCfg = Release|iPhoneSimulator
		{1DDDB74A-9FC4-430C-9430-AFC3DBB772DC}.Ad-Hoc|iPhoneSimulator.Build.0 = Release|iPhoneSimulator
		{1DDDB74A-9FC4-430C-9430-AFC3DBB772DC}.Ad-Hoc|x64.ActiveCfg = Release|iPhoneSimulator
		{1DDDB74A-9FC4-430C-9430-AFC3DBB772DC}.Ad-Hoc|x64.Build.0 = Release|iPhoneSimulator
		{1DDDB74A-9FC4-430C-9430-AFC3DBB772DC}.Ad-Hoc|x86.ActiveCfg = Release|iPhoneSimulator
		{1DDDB74A-9FC4-430C-9430-AFC3DBB772DC}.Ad-Hoc|x86.Build.0 = Release|iPhoneSimulator
		{1DDDB74A-9FC4-430C-9430-AFC3DBB772DC}.AppStore|Any CPU.ActiveCfg = Release|iPhoneSimulator
		{1DDDB74A-9FC4-430C-9430-AFC3DBB772DC}.AppStore|Any CPU.Build.0 = Release|iPhoneSimulator
		{1DDDB74A-9FC4-430C-9430-AFC3DBB772DC}.AppStore|ARM.ActiveCfg = Release|iPhoneSimulator
		{1DDDB74A-9FC4-430C-9430-AFC3DBB772DC}.AppStore|ARM.Build.0 = Release|iPhoneSimulator
		{1DDDB74A-9FC4-430C-9430-AFC3DBB772DC}.AppStore|ARM64.ActiveCfg = Release|iPhoneSimulator
		{1DDDB74A-9FC4-430C-9430-AFC3DBB772DC}.AppStore|ARM64.Build.0 = Release|iPhoneSimulator
		{1DDDB74A-9FC4-430C-9430-AFC3DBB772DC}.AppStore|iPhone.ActiveCfg = Release|iPhoneSimulator
		{1DDDB74A-9FC4-430C-9430-AFC3DBB772DC}.AppStore|iPhone.Build.0 = Release|iPhoneSimulator
		{1DDDB74A-9FC4-430C-9430-AFC3DBB772DC}.AppStore|iPhoneSimulator.ActiveCfg = Release|iPhoneSimulator
		{1DDDB74A-9FC4-430C-9430-AFC3DBB772DC}.AppStore|iPhoneSimulator.Build.0 = Release|iPhoneSimulator
		{1DDDB74A-9FC4-430C-9430-AFC3DBB772DC}.AppStore|x64.ActiveCfg = Release|iPhoneSimulator
		{1DDDB74A-9FC4-430C-9430-AFC3DBB772DC}.AppStore|x64.Build.0 = Release|iPhoneSimulator
		{1DDDB74A-9FC4-430C-9430-AFC3DBB772DC}.AppStore|x86.ActiveCfg = Release|iPhoneSimulator
		{1DDDB74A-9FC4-430C-9430-AFC3DBB772DC}.AppStore|x86.Build.0 = Release|iPhoneSimulator
		{1DDDB74A-9FC4-430C-9430-AFC3DBB772DC}.Debug|Any CPU.ActiveCfg = Debug|iPhoneSimulator
		{1DDDB74A-9FC4-430C-9430-AFC3DBB772DC}.Debug|ARM.ActiveCfg = Debug|iPhoneSimulator
		{1DDDB74A-9FC4-430C-9430-AFC3DBB772DC}.Debug|ARM64.ActiveCfg = Debug|iPhoneSimulator
		{1DDDB74A-9FC4-430C-9430-AFC3DBB772DC}.Debug|iPhone.ActiveCfg = Debug|iPhoneSimulator
		{1DDDB74A-9FC4-430C-9430-AFC3DBB772DC}.Debug|iPhoneSimulator.ActiveCfg = Debug|iPhoneSimulator
		{1DDDB74A-9FC4-430C-9430-AFC3DBB772DC}.Debug|iPhoneSimulator.Build.0 = Debug|iPhoneSimulator
		{1DDDB74A-9FC4-430C-9430-AFC3DBB772DC}.Debug|x64.ActiveCfg = Debug|iPhoneSimulator
		{1DDDB74A-9FC4-430C-9430-AFC3DBB772DC}.Debug|x86.ActiveCfg = Debug|iPhoneSimulator
		{1DDDB74A-9FC4-430C-9430-AFC3DBB772DC}.Release|Any CPU.ActiveCfg = Release|iPhoneSimulator
		{1DDDB74A-9FC4-430C-9430-AFC3DBB772DC}.Release|ARM.ActiveCfg = Release|iPhoneSimulator
		{1DDDB74A-9FC4-430C-9430-AFC3DBB772DC}.Release|ARM64.ActiveCfg = Release|iPhoneSimulator
		{1DDDB74A-9FC4-430C-9430-AFC3DBB772DC}.Release|iPhone.ActiveCfg = Release|iPhoneSimulator
		{1DDDB74A-9FC4-430C-9430-AFC3DBB772DC}.Release|iPhoneSimulator.ActiveCfg = Release|iPhoneSimulator
		{1DDDB74A-9FC4-430C-9430-AFC3DBB772DC}.Release|iPhoneSimulator.Build.0 = Release|iPhoneSimulator
		{1DDDB74A-9FC4-430C-9430-AFC3DBB772DC}.Release|x64.ActiveCfg = Release|iPhoneSimulator
		{1DDDB74A-9FC4-430C-9430-AFC3DBB772DC}.Release|x86.ActiveCfg = Release|iPhoneSimulator
	EndGlobalSection
	GlobalSection(SolutionProperties) = preSolution
		HideSolutionNode = FALSE
	EndGlobalSection
	GlobalSection(ExtensibilityGlobals) = postSolution
		SolutionGuid = {78131984-954D-49AA-88E6-FC3F1E503EEC}
	EndGlobalSection
EndGlobal
